
Microsoft Visual Studio Solution File, Format Version 12.00
# Visual Studio Version 17
VisualStudioVersion = 17.0.31903.59
MinimumVisualStudioVersion = 10.0.40219.1
Project("{2150E333-8FDC-42A3-9474-1A3956D46DE8}") = "src", "src", "{EB39C275-6399-403F-B3DE-85E12277CC77}"
EndProject
Project("{9A19103F-16F7-4668-BE54-9A1E7A4F7556}") = "ProductService", "src\ProductService\ProductService.csproj", "{F9AD01BC-BA54-4437-97A1-D8B5EE3E1A2C}"
EndProject
Project("{9A19103F-16F7-4668-BE54-9A1E7A4F7556}") = "Shared", "src\Shared\Shared.csproj", "{6F519020-2DD6-471D-BDEC-F2C22F3251DD}"
EndProject
Project("{2150E333-8FDC-42A3-9474-1A3956D46DE8}") = "Solution Items", "Solution Items", "{28C6FC42-A86E-4088-9529-8425A714AEE3}"
	ProjectSection(SolutionItems) = preProject
		deploy.cmd = deploy.cmd
		docker-compose.yml = docker-compose.yml
		stop.cmd = stop.cmd
	EndProjectSection
EndProject
Project("{9A19103F-16F7-4668-BE54-9A1E7A4F7556}") = "SearchService", "src\SearchService\SearchService.csproj", "{4AC33447-AF2B-4ECF-B715-333C2630163D}"
EndProject
Project("{9A19103F-16F7-4668-BE54-9A1E7A4F7556}") = "IdentityService", "src\IdentityService\IdentityService.csproj", "{8D2776D8-851D-4EAF-BDFE-33C702D06CD3}"
EndProject
Project("{9A19103F-16F7-4668-BE54-9A1E7A4F7556}") = "GatewayService", "src\GatewayService\GatewayService.csproj", "{273816E1-38F1-47BA-9F9E-5271317F0519}"
EndProject
Project("{9A19103F-16F7-4668-BE54-9A1E7A4F7556}") = "ShoppingCartService", "src\ShoppingCartService\ShoppingCartService.csproj", "{C5FB9F6A-305B-471B-A8FE-9EB9ECDD78A0}"
EndProject
Project("{9A19103F-16F7-4668-BE54-9A1E7A4F7556}") = "OrderService", "src\OrderService\OrderService.csproj", "{0BC4288C-A663-490E-9577-1A702427AE9B}"
EndProject
Project("{2150E333-8FDC-42A3-9474-1A3956D46DE8}") = "tests", "tests", "{B7121C97-1D21-4968-9317-E0198A2A26D6}"
EndProject
Project("{FAE04EC0-301F-11D3-BF4B-00C04F79EFBC}") = "ProductService.UnitTests", "tests\ProductService.UnitTests\ProductService.UnitTests.csproj", "{E7D533DE-7C87-4863-BFBF-695E234DB604}"
EndProject
Project("{FAE04EC0-301F-11D3-BF4B-00C04F79EFBC}") = "ProductService.IntegrationTests", "tests\ProductService.IntegrationTests\ProductService.IntegrationTests.csproj", "{C201A298-1286-46D0-AC3D-B649BA29B23C}"
EndProject
Project("{FAE04EC0-301F-11D3-BF4B-00C04F79EFBC}") = "SearchService.IntegrationTests", "tests\SearchService.IntegrationTests\SearchService.IntegrationTests.csproj", "{E3AC6F82-AE72-4037-A852-7B60414F5EE1}"
EndProject
Project("{FAE04EC0-301F-11D3-BF4B-00C04F79EFBC}") = "OrderService.UnitTests", "tests\OrderService.UnitTests\OrderService.UnitTests.csproj", "{C9392484-1953-48C8-8766-170FEB20C6A8}"
EndProject
Project("{FAE04EC0-301F-11D3-BF4B-00C04F79EFBC}") = "ShippingService", "src\ShippingService\ShippingService.csproj", "{31BB3C65-A0F3-4141-A9B9-78303F9C9825}"
EndProject
Project("{FAE04EC0-301F-11D3-BF4B-00C04F79EFBC}") = "NotificationService", "src\NotificationService\NotificationService.csproj", "{7FA6A7EF-BA63-4643-9B84-166F3D6E25D6}"
EndProject
Global
	GlobalSection(SolutionConfigurationPlatforms) = preSolution
		Debug|Any CPU = Debug|Any CPU
		Release|Any CPU = Release|Any CPU
	EndGlobalSection
	GlobalSection(ProjectConfigurationPlatforms) = postSolution
		{F9AD01BC-BA54-4437-97A1-D8B5EE3E1A2C}.Debug|Any CPU.ActiveCfg = Debug|Any CPU
		{F9AD01BC-BA54-4437-97A1-D8B5EE3E1A2C}.Debug|Any CPU.Build.0 = Debug|Any CPU
		{F9AD01BC-BA54-4437-97A1-D8B5EE3E1A2C}.Release|Any CPU.ActiveCfg = Release|Any CPU
		{F9AD01BC-BA54-4437-97A1-D8B5EE3E1A2C}.Release|Any CPU.Build.0 = Release|Any CPU
		{6F519020-2DD6-471D-BDEC-F2C22F3251DD}.Debug|Any CPU.ActiveCfg = Debug|Any CPU
		{6F519020-2DD6-471D-BDEC-F2C22F3251DD}.Debug|Any CPU.Build.0 = Debug|Any CPU
		{6F519020-2DD6-471D-BDEC-F2C22F3251DD}.Release|Any CPU.ActiveCfg = Release|Any CPU
		{6F519020-2DD6-471D-BDEC-F2C22F3251DD}.Release|Any CPU.Build.0 = Release|Any CPU
		{4AC33447-AF2B-4ECF-B715-333C2630163D}.Debug|Any CPU.ActiveCfg = Debug|Any CPU
		{4AC33447-AF2B-4ECF-B715-333C2630163D}.Debug|Any CPU.Build.0 = Debug|Any CPU
		{4AC33447-AF2B-4ECF-B715-333C2630163D}.Release|Any CPU.ActiveCfg = Release|Any CPU
		{4AC33447-AF2B-4ECF-B715-333C2630163D}.Release|Any CPU.Build.0 = Release|Any CPU
		{8D2776D8-851D-4EAF-BDFE-33C702D06CD3}.Debug|Any CPU.ActiveCfg = Debug|Any CPU
		{8D2776D8-851D-4EAF-BDFE-33C702D06CD3}.Debug|Any CPU.Build.0 = Debug|Any CPU
		{8D2776D8-851D-4EAF-BDFE-33C702D06CD3}.Release|Any CPU.ActiveCfg = Release|Any CPU
		{8D2776D8-851D-4EAF-BDFE-33C702D06CD3}.Release|Any CPU.Build.0 = Release|Any CPU
		{273816E1-38F1-47BA-9F9E-5271317F0519}.Debug|Any CPU.ActiveCfg = Debug|Any CPU
		{273816E1-38F1-47BA-9F9E-5271317F0519}.Debug|Any CPU.Build.0 = Debug|Any CPU
		{273816E1-38F1-47BA-9F9E-5271317F0519}.Release|Any CPU.ActiveCfg = Release|Any CPU
		{273816E1-38F1-47BA-9F9E-5271317F0519}.Release|Any CPU.Build.0 = Release|Any CPU
		{C5FB9F6A-305B-471B-A8FE-9EB9ECDD78A0}.Debug|Any CPU.ActiveCfg = Debug|Any CPU
		{C5FB9F6A-305B-471B-A8FE-9EB9ECDD78A0}.Debug|Any CPU.Build.0 = Debug|Any CPU
		{C5FB9F6A-305B-471B-A8FE-9EB9ECDD78A0}.Release|Any CPU.ActiveCfg = Release|Any CPU
		{C5FB9F6A-305B-471B-A8FE-9EB9ECDD78A0}.Release|Any CPU.Build.0 = Release|Any CPU
		{0BC4288C-A663-490E-9577-1A702427AE9B}.Debug|Any CPU.ActiveCfg = Debug|Any CPU
		{0BC4288C-A663-490E-9577-1A702427AE9B}.Debug|Any CPU.Build.0 = Debug|Any CPU
		{0BC4288C-A663-490E-9577-1A702427AE9B}.Release|Any CPU.ActiveCfg = Release|Any CPU
		{0BC4288C-A663-490E-9577-1A702427AE9B}.Release|Any CPU.Build.0 = Release|Any CPU
		{E7D533DE-7C87-4863-BFBF-695E234DB604}.Debug|Any CPU.ActiveCfg = Debug|Any CPU
		{E7D533DE-7C87-4863-BFBF-695E234DB604}.Debug|Any CPU.Build.0 = Debug|Any CPU
		{E7D533DE-7C87-4863-BFBF-695E234DB604}.Release|Any CPU.ActiveCfg = Release|Any CPU
		{E7D533DE-7C87-4863-BFBF-695E234DB604}.Release|Any CPU.Build.0 = Release|Any CPU
		{C201A298-1286-46D0-AC3D-B649BA29B23C}.Debug|Any CPU.ActiveCfg = Debug|Any CPU
		{C201A298-1286-46D0-AC3D-B649BA29B23C}.Debug|Any CPU.Build.0 = Debug|Any CPU
		{C201A298-1286-46D0-AC3D-B649BA29B23C}.Release|Any CPU.ActiveCfg = Release|Any CPU
		{C201A298-1286-46D0-AC3D-B649BA29B23C}.Release|Any CPU.Build.0 = Release|Any CPU
		{E3AC6F82-AE72-4037-A852-7B60414F5EE1}.Debug|Any CPU.ActiveCfg = Debug|Any CPU
		{E3AC6F82-AE72-4037-A852-7B60414F5EE1}.Debug|Any CPU.Build.0 = Debug|Any CPU
		{E3AC6F82-AE72-4037-A852-7B60414F5EE1}.Release|Any CPU.ActiveCfg = Release|Any CPU
		{E3AC6F82-AE72-4037-A852-7B60414F5EE1}.Release|Any CPU.Build.0 = Release|Any CPU
		{C9392484-1953-48C8-8766-170FEB20C6A8}.Debug|Any CPU.ActiveCfg = Debug|Any CPU
		{C9392484-1953-48C8-8766-170FEB20C6A8}.Debug|Any CPU.Build.0 = Debug|Any CPU
		{C9392484-1953-48C8-8766-170FEB20C6A8}.Release|Any CPU.ActiveCfg = Release|Any CPU
		{C9392484-1953-48C8-8766-170FEB20C6A8}.Release|Any CPU.Build.0 = Release|Any CPU
		{31BB3C65-A0F3-4141-A9B9-78303F9C9825}.Debug|Any CPU.ActiveCfg = Debug|Any CPU
		{31BB3C65-A0F3-4141-A9B9-78303F9C9825}.Debug|Any CPU.Build.0 = Debug|Any CPU
		{31BB3C65-A0F3-4141-A9B9-78303F9C9825}.Release|Any CPU.ActiveCfg = Release|Any CPU
		{31BB3C65-A0F3-4141-A9B9-78303F9C9825}.Release|Any CPU.Build.0 = Release|Any CPU
		{7FA6A7EF-BA63-4643-9B84-166F3D6E25D6}.Debug|Any CPU.ActiveCfg = Debug|Any CPU
		{7FA6A7EF-BA63-4643-9B84-166F3D6E25D6}.Debug|Any CPU.Build.0 = Debug|Any CPU
		{7FA6A7EF-BA63-4643-9B84-166F3D6E25D6}.Release|Any CPU.ActiveCfg = Release|Any CPU
		{7FA6A7EF-BA63-4643-9B84-166F3D6E25D6}.Release|Any CPU.Build.0 = Release|Any CPU
	EndGlobalSection
	GlobalSection(SolutionProperties) = preSolution
		HideSolutionNode = FALSE
	EndGlobalSection
	GlobalSection(NestedProjects) = preSolution
		{F9AD01BC-BA54-4437-97A1-D8B5EE3E1A2C} = {EB39C275-6399-403F-B3DE-85E12277CC77}
		{6F519020-2DD6-471D-BDEC-F2C22F3251DD} = {EB39C275-6399-403F-B3DE-85E12277CC77}
		{4AC33447-AF2B-4ECF-B715-333C2630163D} = {EB39C275-6399-403F-B3DE-85E12277CC77}
		{8D2776D8-851D-4EAF-BDFE-33C702D06CD3} = {EB39C275-6399-403F-B3DE-85E12277CC77}
		{273816E1-38F1-47BA-9F9E-5271317F0519} = {EB39C275-6399-403F-B3DE-85E12277CC77}
		{C5FB9F6A-305B-471B-A8FE-9EB9ECDD78A0} = {EB39C275-6399-403F-B3DE-85E12277CC77}
		{0BC4288C-A663-490E-9577-1A702427AE9B} = {EB39C275-6399-403F-B3DE-85E12277CC77}
		{E7D533DE-7C87-4863-BFBF-695E234DB604} = {B7121C97-1D21-4968-9317-E0198A2A26D6}
		{C201A298-1286-46D0-AC3D-B649BA29B23C} = {B7121C97-1D21-4968-9317-E0198A2A26D6}
		{E3AC6F82-AE72-4037-A852-7B60414F5EE1} = {B7121C97-1D21-4968-9317-E0198A2A26D6}
		{C9392484-1953-48C8-8766-170FEB20C6A8} = {B7121C97-1D21-4968-9317-E0198A2A26D6}
		{31BB3C65-A0F3-4141-A9B9-78303F9C9825} = {EB39C275-6399-403F-B3DE-85E12277CC77}
		{7FA6A7EF-BA63-4643-9B84-166F3D6E25D6} = {EB39C275-6399-403F-B3DE-85E12277CC77}
	EndGlobalSection
	GlobalSection(ExtensibilityGlobals) = postSolution
		SolutionGuid = {5B1B734B-46DD-46C2-88ED-6825ACED173A}
	EndGlobalSection
EndGlobal
